
Microsoft Visual Studio Solution File, Format Version 12.00
# Visual Studio 14
VisualStudioVersion = 14.0.25420.1
MinimumVisualStudioVersion = 10.0.40219.1
Project("{FAE04EC0-301F-11D3-BF4B-00C04F79EFBC}") = "01. Find the Letter", "01. Find the Letter\01. Find the Letter.csproj", "{EAED6687-46BA-4640-936F-5DE19657F234}"
EndProject
Project("{FAE04EC0-301F-11D3-BF4B-00C04F79EFBC}") = "02. Placeholders", "02. Placeholders\02. Placeholders.csproj", "{030B2EBB-AF36-40FB-83E1-8FCD14DDE304}"
EndProject
Project("{FAE04EC0-301F-11D3-BF4B-00C04F79EFBC}") = "03. JSON Stringify", "03. JSON Stringify\03. JSON Stringify.csproj", "{4E4E44D3-C7C1-409E-82F6-8BEBB140E94B}"
EndProject
Project("{FAE04EC0-301F-11D3-BF4B-00C04F79EFBC}") = "4. JSON Parse", "4. JSON Parse\4. JSON Parse.csproj", "{85D65C11-1150-45DE-842F-FADC6AED094D}"
EndProject
Project("{FAE04EC0-301F-11D3-BF4B-00C04F79EFBC}") = "05. Points Counter", "05. Points Counter\05. Points Counter.csproj", "{13508111-DB8A-443F-A91A-13AD5E96BD8F}"
EndProject
Project("{FAE04EC0-301F-11D3-BF4B-00C04F79EFBC}") = "06. Sentence Split", "06. Sentence Split\06. Sentence Split.csproj", "{B7893F9B-BB1F-4255-B9B5-9F933195431C}"
EndProject
Project("{FAE04EC0-301F-11D3-BF4B-00C04F79EFBC}") = "07. Capitalize Words", "07. Capitalize Words\07. Capitalize Words.csproj", "{D5C42696-AC7B-4F34-9624-89768053C530}"
EndProject
Global
	GlobalSection(SolutionConfigurationPlatforms) = preSolution
		Debug|Any CPU = Debug|Any CPU
		Release|Any CPU = Release|Any CPU
	EndGlobalSection
	GlobalSection(ProjectConfigurationPlatforms) = postSolution
		{EAED6687-46BA-4640-936F-5DE19657F234}.Debug|Any CPU.ActiveCfg = Debug|Any CPU
		{EAED6687-46BA-4640-936F-5DE19657F234}.Debug|Any CPU.Build.0 = Debug|Any CPU
		{EAED6687-46BA-4640-936F-5DE19657F234}.Release|Any CPU.ActiveCfg = Release|Any CPU
		{EAED6687-46BA-4640-936F-5DE19657F234}.Release|Any CPU.Build.0 = Release|Any CPU
		{030B2EBB-AF36-40FB-83E1-8FCD14DDE304}.Debug|Any CPU.ActiveCfg = Debug|Any CPU
		{030B2EBB-AF36-40FB-83E1-8FCD14DDE304}.Debug|Any CPU.Build.0 = Debug|Any CPU
		{030B2EBB-AF36-40FB-83E1-8FCD14DDE304}.Release|Any CPU.ActiveCfg = Release|Any CPU
		{030B2EBB-AF36-40FB-83E1-8FCD14DDE304}.Release|Any CPU.Build.0 = Release|Any CPU
		{4E4E44D3-C7C1-409E-82F6-8BEBB140E94B}.Debug|Any CPU.ActiveCfg = Debug|Any CPU
		{4E4E44D3-C7C1-409E-82F6-8BEBB140E94B}.Debug|Any CPU.Build.0 = Debug|Any CPU
		{4E4E44D3-C7C1-409E-82F6-8BEBB140E94B}.Release|Any CPU.ActiveCfg = Release|Any CPU
		{4E4E44D3-C7C1-409E-82F6-8BEBB140E94B}.Release|Any CPU.Build.0 = Release|Any CPU
		{85D65C11-1150-45DE-842F-FADC6AED094D}.Debug|Any CPU.ActiveCfg = Debug|Any CPU
		{85D65C11-1150-45DE-842F-FADC6AED094D}.Debug|Any CPU.Build.0 = Debug|Any CPU
		{85D65C11-1150-45DE-842F-FADC6AED094D}.Release|Any CPU.ActiveCfg = Release|Any CPU
		{85D65C11-1150-45DE-842F-FADC6AED094D}.Release|Any CPU.Build.0 = Release|Any CPU
		{13508111-DB8A-443F-A91A-13AD5E96BD8F}.Debug|Any CPU.ActiveCfg = Debug|Any CPU
		{13508111-DB8A-443F-A91A-13AD5E96BD8F}.Debug|Any CPU.Build.0 = Debug|Any CPU
		{13508111-DB8A-443F-A91A-13AD5E96BD8F}.Release|Any CPU.ActiveCfg = Release|Any CPU
		{13508111-DB8A-443F-A91A-13AD5E96BD8F}.Release|Any CPU.Build.0 = Release|Any CPU
		{B7893F9B-BB1F-4255-B9B5-9F933195431C}.Debug|Any CPU.ActiveCfg = Debug|Any CPU
		{B7893F9B-BB1F-4255-B9B5-9F933195431C}.Debug|Any CPU.Build.0 = Debug|Any CPU
		{B7893F9B-BB1F-4255-B9B5-9F933195431C}.Release|Any CPU.ActiveCfg = Release|Any CPU
		{B7893F9B-BB1F-4255-B9B5-9F933195431C}.Release|Any CPU.Build.0 = Release|Any CPU
		{D5C42696-AC7B-4F34-9624-89768053C530}.Debug|Any CPU.ActiveCfg = Debug|Any CPU
		{D5C42696-AC7B-4F34-9624-89768053C530}.Debug|Any CPU.Build.0 = Debug|Any CPU
		{D5C42696-AC7B-4F34-9624-89768053C530}.Release|Any CPU.ActiveCfg = Release|Any CPU
		{D5C42696-AC7B-4F34-9624-89768053C530}.Release|Any CPU.Build.0 = Release|Any CPU
	EndGlobalSection
	GlobalSection(SolutionProperties) = preSolution
		HideSolutionNode = FALSE
	EndGlobalSection
EndGlobal
